
Microsoft Visual Studio Solution File, Format Version 12.00
# Visual Studio Version 16
VisualStudioVersion = 16.0.31515.178
MinimumVisualStudioVersion = 10.0.40219.1
Project("{FAE04EC0-301F-11D3-BF4B-00C04F79EFBC}") = "MoviesRatingSystem", "MoviesRatingSystem\MoviesRatingSystem.csproj", "{61AAA8E7-FD69-4140-A157-D77A024D3EED}"
EndProject
Project("{FAE04EC0-301F-11D3-BF4B-00C04F79EFBC}") = "MoviesRatingSystem_Test", "MoviesRatingSystem_Test\MoviesRatingSystem_Test.csproj", "{A17B23FE-6E6C-4297-A077-CF1A87C075C8}"
EndProject
Global
	GlobalSection(SolutionConfigurationPlatforms) = preSolution
		Debug|Any CPU = Debug|Any CPU
		Release|Any CPU = Release|Any CPU
	EndGlobalSection
	GlobalSection(ProjectConfigurationPlatforms) = postSolution
		{61AAA8E7-FD69-4140-A157-D77A024D3EED}.Debug|Any CPU.ActiveCfg = Debug|Any CPU
		{61AAA8E7-FD69-4140-A157-D77A024D3EED}.Debug|Any CPU.Build.0 = Debug|Any CPU
		{61AAA8E7-FD69-4140-A157-D77A024D3EED}.Release|Any CPU.ActiveCfg = Release|Any CPU
		{61AAA8E7-FD69-4140-A157-D77A024D3EED}.Release|Any CPU.Build.0 = Release|Any CPU
		{A17B23FE-6E6C-4297-A077-CF1A87C075C8}.Debug|Any CPU.ActiveCfg = Debug|Any CPU
		{A17B23FE-6E6C-4297-A077-CF1A87C075C8}.Debug|Any CPU.Build.0 = Debug|Any CPU
		{A17B23FE-6E6C-4297-A077-CF1A87C075C8}.Release|Any CPU.ActiveCfg = Release|Any CPU
		{A17B23FE-6E6C-4297-A077-CF1A87C075C8}.Release|Any CPU.Build.0 = Release|Any CPU
	EndGlobalSection
	GlobalSection(SolutionProperties) = preSolution
		HideSolutionNode = FALSE
	EndGlobalSection
	GlobalSection(ExtensibilityGlobals) = postSolution
		SolutionGuid = {F9578B06-D4B8-4C35-878D-B1819D9D2133}
	EndGlobalSection
EndGlobal
